// !$*UTF8*$!
{
	archiveVersion = 1;
	classes = {
	};
	objectVersion = 56;
	objects = {

/* Begin PBXBuildFile section */
		9027727D2CE7CE5200D158EC /* TodoItemDetailView.swift in Sources */ = {isa = PBXBuildFile; fileRef = 9027727C2CE7CE5200D158EC /* TodoItemDetailView.swift */; };
		902772842CE7DD6600D158EC /* AboutView.swift in Sources */ = {isa = PBXBuildFile; fileRef = 902772832CE7DD6600D158EC /* AboutView.swift */; };
		902772882CE7EF9200D158EC /* MoreInfoView.swift in Sources */ = {isa = PBXBuildFile; fileRef = 902772872CE7EF9200D158EC /* MoreInfoView.swift */; };
		C107D1432CE4BE740084E2A5 /* StatefulPreviewWrapper.swift in Sources */ = {isa = PBXBuildFile; fileRef = C107D1422CE4BE740084E2A5 /* StatefulPreviewWrapper.swift */; };
		C107D1472CE4C3230084E2A5 /* TodoItems.json in Resources */ = {isa = PBXBuildFile; fileRef = C107D1462CE4C3220084E2A5 /* TodoItems.json */; };
		C107D1492CE4C35C0084E2A5 /* Array+Load.swift in Sources */ = {isa = PBXBuildFile; fileRef = C107D1482CE4C35C0084E2A5 /* Array+Load.swift */; };
		C107D14B2CE4D24B0084E2A5 /* TodoTogglerButton.swift in Sources */ = {isa = PBXBuildFile; fileRef = C107D14A2CE4D24B0084E2A5 /* TodoTogglerButton.swift */; };
		C107D14D2CE5129D0084E2A5 /* TodoItemListsViewModel.swift in Sources */ = {isa = PBXBuildFile; fileRef = C107D14C2CE5129D0084E2A5 /* TodoItemListsViewModel.swift */; };
		C107D14F2CE526DB0084E2A5 /* Binding+Extension.swift in Sources */ = {isa = PBXBuildFile; fileRef = C107D14E2CE526DB0084E2A5 /* Binding+Extension.swift */; };
		C1E397722CE3E0910089E4DE /* NavigationApp.swift in Sources */ = {isa = PBXBuildFile; fileRef = C1E397712CE3E0910089E4DE /* NavigationApp.swift */; };
		C1E397742CE3E0910089E4DE /* TodoItemsListView.swift in Sources */ = {isa = PBXBuildFile; fileRef = C1E397732CE3E0910089E4DE /* TodoItemsListView.swift */; };
		C1E397762CE3E0920089E4DE /* Assets.xcassets in Resources */ = {isa = PBXBuildFile; fileRef = C1E397752CE3E0920089E4DE /* Assets.xcassets */; };
		C1E3977A2CE3E0920089E4DE /* Preview Assets.xcassets in Resources */ = {isa = PBXBuildFile; fileRef = C1E397792CE3E0920089E4DE /* Preview Assets.xcassets */; };
		C1E397812CE3E0A20089E4DE /* TodoItem.swift in Sources */ = {isa = PBXBuildFile; fileRef = C1E397802CE3E0A20089E4DE /* TodoItem.swift */; };
		C1E397832CE3E1430089E4DE /* TodoItemRow.swift in Sources */ = {isa = PBXBuildFile; fileRef = C1E397822CE3E1430089E4DE /* TodoItemRow.swift */; };
/* End PBXBuildFile section */

/* Begin PBXFileReference section */
		9027727C2CE7CE5200D158EC /* TodoItemDetailView.swift */ = {isa = PBXFileReference; lastKnownFileType = sourcecode.swift; path = TodoItemDetailView.swift; sourceTree = "<group>"; };
		902772832CE7DD6600D158EC /* AboutView.swift */ = {isa = PBXFileReference; lastKnownFileType = sourcecode.swift; path = AboutView.swift; sourceTree = "<group>"; };
		902772872CE7EF9200D158EC /* MoreInfoView.swift */ = {isa = PBXFileReference; lastKnownFileType = sourcecode.swift; path = MoreInfoView.swift; sourceTree = "<group>"; };
		C107D1422CE4BE740084E2A5 /* StatefulPreviewWrapper.swift */ = {isa = PBXFileReference; lastKnownFileType = sourcecode.swift; path = StatefulPreviewWrapper.swift; sourceTree = "<group>"; };
		C107D1462CE4C3220084E2A5 /* TodoItems.json */ = {isa = PBXFileReference; fileEncoding = 4; lastKnownFileType = text.json; path = TodoItems.json; sourceTree = "<group>"; };
		C107D1482CE4C35C0084E2A5 /* Array+Load.swift */ = {isa = PBXFileReference; lastKnownFileType = sourcecode.swift; path = "Array+Load.swift"; sourceTree = "<group>"; };
		C107D14A2CE4D24B0084E2A5 /* TodoTogglerButton.swift */ = {isa = PBXFileReference; lastKnownFileType = sourcecode.swift; path = TodoTogglerButton.swift; sourceTree = "<group>"; };
		C107D14C2CE5129D0084E2A5 /* TodoItemListsViewModel.swift */ = {isa = PBXFileReference; lastKnownFileType = sourcecode.swift; path = TodoItemListsViewModel.swift; sourceTree = "<group>"; };
		C107D14E2CE526DB0084E2A5 /* Binding+Extension.swift */ = {isa = PBXFileReference; lastKnownFileType = sourcecode.swift; path = "Binding+Extension.swift"; sourceTree = "<group>"; };
		C1E3976E2CE3E0910089E4DE /* Navigation.app */ = {isa = PBXFileReference; explicitFileType = wrapper.application; includeInIndex = 0; path = Navigation.app; sourceTree = BUILT_PRODUCTS_DIR; };
		C1E397712CE3E0910089E4DE /* NavigationApp.swift */ = {isa = PBXFileReference; lastKnownFileType = sourcecode.swift; path = NavigationApp.swift; sourceTree = "<group>"; };
		C1E397732CE3E0910089E4DE /* TodoItemsListView.swift */ = {isa = PBXFileReference; lastKnownFileType = sourcecode.swift; path = TodoItemsListView.swift; sourceTree = "<group>"; };
		C1E397752CE3E0920089E4DE /* Assets.xcassets */ = {isa = PBXFileReference; lastKnownFileType = folder.assetcatalog; path = Assets.xcassets; sourceTree = "<group>"; };
		C1E397772CE3E0920089E4DE /* Navigation.entitlements */ = {isa = PBXFileReference; lastKnownFileType = text.plist.entitlements; path = Navigation.entitlements; sourceTree = "<group>"; };
		C1E397792CE3E0920089E4DE /* Preview Assets.xcassets */ = {isa = PBXFileReference; lastKnownFileType = folder.assetcatalog; path = "Preview Assets.xcassets"; sourceTree = "<group>"; };
		C1E397802CE3E0A20089E4DE /* TodoItem.swift */ = {isa = PBXFileReference; lastKnownFileType = sourcecode.swift; path = TodoItem.swift; sourceTree = "<group>"; };
		C1E397822CE3E1430089E4DE /* TodoItemRow.swift */ = {isa = PBXFileReference; lastKnownFileType = sourcecode.swift; path = TodoItemRow.swift; sourceTree = "<group>"; };
/* End PBXFileReference section */

/* Begin PBXFrameworksBuildPhase section */
		C1E3976B2CE3E0910089E4DE /* Frameworks */ = {
			isa = PBXFrameworksBuildPhase;
			buildActionMask = 2147483647;
			files = (
			);
			runOnlyForDeploymentPostprocessing = 0;
		};
/* End PBXFrameworksBuildPhase section */

/* Begin PBXGroup section */
		9027727E2CE7CE9D00D158EC /* Views */ = {
			isa = PBXGroup;
			children = (
				C1E397732CE3E0910089E4DE /* TodoItemsListView.swift */,
				9027727C2CE7CE5200D158EC /* TodoItemDetailView.swift */,
				C107D14A2CE4D24B0084E2A5 /* TodoTogglerButton.swift */,
				C1E397822CE3E1430089E4DE /* TodoItemRow.swift */,
			);
			path = Views;
			sourceTree = "<group>";
		};
		9027727F2CE7CEAE00D158EC /* Model */ = {
			isa = PBXGroup;
			children = (
				C107D14C2CE5129D0084E2A5 /* TodoItemListsViewModel.swift */,
				C1E397802CE3E0A20089E4DE /* TodoItem.swift */,
			);
			path = Model;
			sourceTree = "<group>";
		};
		902772802CE7CEBD00D158EC /* Helpers */ = {
			isa = PBXGroup;
			children = (
				C107D14E2CE526DB0084E2A5 /* Binding+Extension.swift */,
				C107D1422CE4BE740084E2A5 /* StatefulPreviewWrapper.swift */,
				C107D1482CE4C35C0084E2A5 /* Array+Load.swift */,
			);
			path = Helpers;
			sourceTree = "<group>";
		};
		902772812CE7DD3E00D158EC /* Todo Feature */ = {
			isa = PBXGroup;
			children = (
				9027727E2CE7CE9D00D158EC /* Views */,
				9027727F2CE7CEAE00D158EC /* Model */,
			);
			path = "Todo Feature";
			sourceTree = "<group>";
		};
		902772822CE7DD5300D158EC /* About Feature */ = {
			isa = PBXGroup;
			children = (
				902772832CE7DD6600D158EC /* AboutView.swift */,
				902772872CE7EF9200D158EC /* MoreInfoView.swift */,
			);
			path = "About Feature";
			sourceTree = "<group>";
		};
		C1E397652CE3E0910089E4DE = {
			isa = PBXGroup;
			children = (
				C1E397702CE3E0910089E4DE /* Navigation */,
				C1E3976F2CE3E0910089E4DE /* Products */,
			);
			sourceTree = "<group>";
		};
		C1E3976F2CE3E0910089E4DE /* Products */ = {
			isa = PBXGroup;
			children = (
				C1E3976E2CE3E0910089E4DE /* Navigation.app */,
			);
			name = Products;
			sourceTree = "<group>";
		};
		C1E397702CE3E0910089E4DE /* Navigation */ = {
			isa = PBXGroup;
			children = (
				C1E397712CE3E0910089E4DE /* NavigationApp.swift */,
				902772802CE7CEBD00D158EC /* Helpers */,
				902772812CE7DD3E00D158EC /* Todo Feature */,
				902772822CE7DD5300D158EC /* About Feature */,
				C1E397752CE3E0920089E4DE /* Assets.xcassets */,
				C107D1462CE4C3220084E2A5 /* TodoItems.json */,
				C1E397772CE3E0920089E4DE /* Navigation.entitlements */,
				C1E397782CE3E0920089E4DE /* Preview Content */,
			);
			path = Navigation;
			sourceTree = "<group>";
		};
		C1E397782CE3E0920089E4DE /* Preview Content */ = {
			isa = PBXGroup;
			children = (
				C1E397792CE3E0920089E4DE /* Preview Assets.xcassets */,
			);
			path = "Preview Content";
			sourceTree = "<group>";
		};
/* End PBXGroup section */

/* Begin PBXNativeTarget section */
		C1E3976D2CE3E0910089E4DE /* Navigation */ = {
			isa = PBXNativeTarget;
			buildConfigurationList = C1E3977D2CE3E0920089E4DE /* Build configuration list for PBXNativeTarget "Navigation" */;
			buildPhases = (
				C1E3976A2CE3E0910089E4DE /* Sources */,
				C1E3976B2CE3E0910089E4DE /* Frameworks */,
				C1E3976C2CE3E0910089E4DE /* Resources */,
			);
			buildRules = (
			);
			dependencies = (
			);
			name = Navigation;
			productName = StateManagement;
			productReference = C1E3976E2CE3E0910089E4DE /* Navigation.app */;
			productType = "com.apple.product-type.application";
		};
/* End PBXNativeTarget section */

/* Begin PBXProject section */
		C1E397662CE3E0910089E4DE /* Project object */ = {
			isa = PBXProject;
			attributes = {
				BuildIndependentTargetsInParallel = 1;
				LastSwiftUpdateCheck = 1520;
				LastUpgradeCheck = 1520;
				TargetAttributes = {
					C1E3976D2CE3E0910089E4DE = {
						CreatedOnToolsVersion = 15.2;
					};
				};
			};
			buildConfigurationList = C1E397692CE3E0910089E4DE /* Build configuration list for PBXProject "Navigation" */;
			compatibilityVersion = "Xcode 14.0";
			developmentRegion = en;
			hasScannedForEncodings = 0;
			knownRegions = (
				en,
				Base,
			);
			mainGroup = C1E397652CE3E0910089E4DE;
			productRefGroup = C1E3976F2CE3E0910089E4DE /* Products */;
			projectDirPath = "";
			projectRoot = "";
			targets = (
				C1E3976D2CE3E0910089E4DE /* Navigation */,
			);
		};
/* End PBXProject section */

/* Begin PBXResourcesBuildPhase section */
		C1E3976C2CE3E0910089E4DE /* Resources */ = {
			isa = PBXResourcesBuildPhase;
			buildActionMask = 2147483647;
			files = (
				C1E3977A2CE3E0920089E4DE /* Preview Assets.xcassets in Resources */,
				C1E397762CE3E0920089E4DE /* Assets.xcassets in Resources */,
				C107D1472CE4C3230084E2A5 /* TodoItems.json in Resources */,
			);
			runOnlyForDeploymentPostprocessing = 0;
		};
/* End PBXResourcesBuildPhase section */

/* Begin PBXSourcesBuildPhase section */
		C1E3976A2CE3E0910089E4DE /* Sources */ = {
			isa = PBXSourcesBuildPhase;
			buildActionMask = 2147483647;
			files = (
				9027727D2CE7CE5200D158EC /* TodoItemDetailView.swift in Sources */,
				C1E397742CE3E0910089E4DE /* TodoItemsListView.swift in Sources */,
				902772842CE7DD6600D158EC /* AboutView.swift in Sources */,
				C1E397832CE3E1430089E4DE /* TodoItemRow.swift in Sources */,
				902772882CE7EF9200D158EC /* MoreInfoView.swift in Sources */,
				C1E397812CE3E0A20089E4DE /* TodoItem.swift in Sources */,
				C107D14D2CE5129D0084E2A5 /* TodoItemListsViewModel.swift in Sources */,
				C107D14F2CE526DB0084E2A5 /* Binding+Extension.swift in Sources */,
				C107D14B2CE4D24B0084E2A5 /* TodoTogglerButton.swift in Sources */,
				C107D1492CE4C35C0084E2A5 /* Array+Load.swift in Sources */,
				C1E397722CE3E0910089E4DE /* NavigationApp.swift in Sources */,
				C107D1432CE4BE740084E2A5 /* StatefulPreviewWrapper.swift in Sources */,
			);
			runOnlyForDeploymentPostprocessing = 0;
		};
/* End PBXSourcesBuildPhase section */

/* Begin XCBuildConfiguration section */
		C1E3977B2CE3E0920089E4DE /* Debug */ = {
			isa = XCBuildConfiguration;
			buildSettings = {
				ALWAYS_SEARCH_USER_PATHS = NO;
				ASSETCATALOG_COMPILER_GENERATE_SWIFT_ASSET_SYMBOL_EXTENSIONS = YES;
				CLANG_ANALYZER_NONNULL = YES;
				CLANG_ANALYZER_NUMBER_OBJECT_CONVERSION = YES_AGGRESSIVE;
				CLANG_CXX_LANGUAGE_STANDARD = "gnu++20";
				CLANG_ENABLE_MODULES = YES;
				CLANG_ENABLE_OBJC_ARC = YES;
				CLANG_ENABLE_OBJC_WEAK = YES;
				CLANG_WARN_BLOCK_CAPTURE_AUTORELEASING = YES;
				CLANG_WARN_BOOL_CONVERSION = YES;
				CLANG_WARN_COMMA = YES;
				CLANG_WARN_CONSTANT_CONVERSION = YES;
				CLANG_WARN_DEPRECATED_OBJC_IMPLEMENTATIONS = YES;
				CLANG_WARN_DIRECT_OBJC_ISA_USAGE = YES_ERROR;
				CLANG_WARN_DOCUMENTATION_COMMENTS = YES;
				CLANG_WARN_EMPTY_BODY = YES;
				CLANG_WARN_ENUM_CONVERSION = YES;
				CLANG_WARN_INFINITE_RECURSION = YES;
				CLANG_WARN_INT_CONVERSION = YES;
				CLANG_WARN_NON_LITERAL_NULL_CONVERSION = YES;
				CLANG_WARN_OBJC_IMPLICIT_RETAIN_SELF = YES;
				CLANG_WARN_OBJC_LITERAL_CONVERSION = YES;
				CLANG_WARN_OBJC_ROOT_CLASS = YES_ERROR;
				CLANG_WARN_QUOTED_INCLUDE_IN_FRAMEWORK_HEADER = YES;
				CLANG_WARN_RANGE_LOOP_ANALYSIS = YES;
				CLANG_WARN_STRICT_PROTOTYPES = YES;
				CLANG_WARN_SUSPICIOUS_MOVE = YES;
				CLANG_WARN_UNGUARDED_AVAILABILITY = YES_AGGRESSIVE;
				CLANG_WARN_UNREACHABLE_CODE = YES;
				CLANG_WARN__DUPLICATE_METHOD_MATCH = YES;
				COPY_PHASE_STRIP = NO;
				DEBUG_INFORMATION_FORMAT = dwarf;
				ENABLE_STRICT_OBJC_MSGSEND = YES;
				ENABLE_TESTABILITY = YES;
				ENABLE_USER_SCRIPT_SANDBOXING = YES;
				GCC_C_LANGUAGE_STANDARD = gnu17;
				GCC_DYNAMIC_NO_PIC = NO;
				GCC_NO_COMMON_BLOCKS = YES;
				GCC_OPTIMIZATION_LEVEL = 0;
				GCC_PREPROCESSOR_DEFINITIONS = (
					"DEBUG=1",
					"$(inherited)",
				);
				GCC_WARN_64_TO_32_BIT_CONVERSION = YES;
				GCC_WARN_ABOUT_RETURN_TYPE = YES_ERROR;
				GCC_WARN_UNDECLARED_SELECTOR = YES;
				GCC_WARN_UNINITIALIZED_AUTOS = YES_AGGRESSIVE;
				GCC_WARN_UNUSED_FUNCTION = YES;
				GCC_WARN_UNUSED_VARIABLE = YES;
				LOCALIZATION_PREFERS_STRING_CATALOGS = YES;
				MTL_ENABLE_DEBUG_INFO = INCLUDE_SOURCE;
				MTL_FAST_MATH = YES;
				ONLY_ACTIVE_ARCH = YES;
				SWIFT_ACTIVE_COMPILATION_CONDITIONS = "DEBUG $(inherited)";
				SWIFT_OPTIMIZATION_LEVEL = "-Onone";
			};
			name = Debug;
		};
		C1E3977C2CE3E0920089E4DE /* Release */ = {
			isa = XCBuildConfiguration;
			buildSettings = {
				ALWAYS_SEARCH_USER_PATHS = NO;
				ASSETCATALOG_COMPILER_GENERATE_SWIFT_ASSET_SYMBOL_EXTENSIONS = YES;
				CLANG_ANALYZER_NONNULL = YES;
				CLANG_ANALYZER_NUMBER_OBJECT_CONVERSION = YES_AGGRESSIVE;
				CLANG_CXX_LANGUAGE_STANDARD = "gnu++20";
				CLANG_ENABLE_MODULES = YES;
				CLANG_ENABLE_OBJC_ARC = YES;
				CLANG_ENABLE_OBJC_WEAK = YES;
				CLANG_WARN_BLOCK_CAPTURE_AUTORELEASING = YES;
				CLANG_WARN_BOOL_CONVERSION = YES;
				CLANG_WARN_COMMA = YES;
				CLANG_WARN_CONSTANT_CONVERSION = YES;
				CLANG_WARN_DEPRECATED_OBJC_IMPLEMENTATIONS = YES;
				CLANG_WARN_DIRECT_OBJC_ISA_USAGE = YES_ERROR;
				CLANG_WARN_DOCUMENTATION_COMMENTS = YES;
				CLANG_WARN_EMPTY_BODY = YES;
				CLANG_WARN_ENUM_CONVERSION = YES;
				CLANG_WARN_INFINITE_RECURSION = YES;
				CLANG_WARN_INT_CONVERSION = YES;
				CLANG_WARN_NON_LITERAL_NULL_CONVERSION = YES;
				CLANG_WARN_OBJC_IMPLICIT_RETAIN_SELF = YES;
				CLANG_WARN_OBJC_LITERAL_CONVERSION = YES;
				CLANG_WARN_OBJC_ROOT_CLASS = YES_ERROR;
				CLANG_WARN_QUOTED_INCLUDE_IN_FRAMEWORK_HEADER = YES;
				CLANG_WARN_RANGE_LOOP_ANALYSIS = YES;
				CLANG_WARN_STRICT_PROTOTYPES = YES;
				CLANG_WARN_SUSPICIOUS_MOVE = YES;
				CLANG_WARN_UNGUARDED_AVAILABILITY = YES_AGGRESSIVE;
				CLANG_WARN_UNREACHABLE_CODE = YES;
				CLANG_WARN__DUPLICATE_METHOD_MATCH = YES;
				COPY_PHASE_STRIP = NO;
				DEBUG_INFORMATION_FORMAT = "dwarf-with-dsym";
				ENABLE_NS_ASSERTIONS = NO;
				ENABLE_STRICT_OBJC_MSGSEND = YES;
				ENABLE_USER_SCRIPT_SANDBOXING = YES;
				GCC_C_LANGUAGE_STANDARD = gnu17;
				GCC_NO_COMMON_BLOCKS = YES;
				GCC_WARN_64_TO_32_BIT_CONVERSION = YES;
				GCC_WARN_ABOUT_RETURN_TYPE = YES_ERROR;
				GCC_WARN_UNDECLARED_SELECTOR = YES;
				GCC_WARN_UNINITIALIZED_AUTOS = YES_AGGRESSIVE;
				GCC_WARN_UNUSED_FUNCTION = YES;
				GCC_WARN_UNUSED_VARIABLE = YES;
				LOCALIZATION_PREFERS_STRING_CATALOGS = YES;
				MTL_ENABLE_DEBUG_INFO = NO;
				MTL_FAST_MATH = YES;
				SWIFT_COMPILATION_MODE = wholemodule;
			};
			name = Release;
		};
		C1E3977E2CE3E0920089E4DE /* Debug */ = {
			isa = XCBuildConfiguration;
			buildSettings = {
				ASSETCATALOG_COMPILER_APPICON_NAME = AppIcon;
				ASSETCATALOG_COMPILER_GLOBAL_ACCENT_COLOR_NAME = AccentColor;
				CODE_SIGN_ENTITLEMENTS = Navigation/Navigation.entitlements;
				CODE_SIGN_STYLE = Automatic;
				CURRENT_PROJECT_VERSION = 1;
				DEVELOPMENT_ASSET_PATHS = "\"Navigation/Preview Content\"";
				ENABLE_PREVIEWS = YES;
				GENERATE_INFOPLIST_FILE = YES;
				"INFOPLIST_KEY_UIApplicationSceneManifest_Generation[sdk=iphoneos*]" = YES;
				"INFOPLIST_KEY_UIApplicationSceneManifest_Generation[sdk=iphonesimulator*]" = YES;
				"INFOPLIST_KEY_UIApplicationSupportsIndirectInputEvents[sdk=iphoneos*]" = YES;
				"INFOPLIST_KEY_UIApplicationSupportsIndirectInputEvents[sdk=iphonesimulator*]" = YES;
				"INFOPLIST_KEY_UILaunchScreen_Generation[sdk=iphoneos*]" = YES;
				"INFOPLIST_KEY_UILaunchScreen_Generation[sdk=iphonesimulator*]" = YES;
				"INFOPLIST_KEY_UIStatusBarStyle[sdk=iphoneos*]" = UIStatusBarStyleDefault;
				"INFOPLIST_KEY_UIStatusBarStyle[sdk=iphonesimulator*]" = UIStatusBarStyleDefault;
				INFOPLIST_KEY_UISupportedInterfaceOrientations_iPad = "UIInterfaceOrientationPortrait UIInterfaceOrientationPortraitUpsideDown UIInterfaceOrientationLandscapeLeft UIInterfaceOrientationLandscapeRight";
				INFOPLIST_KEY_UISupportedInterfaceOrientations_iPhone = "UIInterfaceOrientationPortrait UIInterfaceOrientationLandscapeLeft UIInterfaceOrientationLandscapeRight";
				IPHONEOS_DEPLOYMENT_TARGET = 17.2;
				LD_RUNPATH_SEARCH_PATHS = "@executable_path/Frameworks";
				"LD_RUNPATH_SEARCH_PATHS[sdk=macosx*]" = "@executable_path/../Frameworks";
				MACOSX_DEPLOYMENT_TARGET = 14.2;
				MARKETING_VERSION = 1.0;
				PRODUCT_BUNDLE_IDENTIFIER = com.cesargiupponi.Navigation;
				PRODUCT_NAME = "$(TARGET_NAME)";
				SDKROOT = auto;
				SUPPORTED_PLATFORMS = "iphoneos iphonesimulator macosx";
				SWIFT_EMIT_LOC_STRINGS = YES;
				SWIFT_VERSION = 5.0;
				TARGETED_DEVICE_FAMILY = "1,2";
			};
			name = Debug;
		};
		C1E3977F2CE3E0920089E4DE /* Release */ = {
			isa = XCBuildConfiguration;
			buildSettings = {
				ASSETCATALOG_COMPILER_APPICON_NAME = AppIcon;
				ASSETCATALOG_COMPILER_GLOBAL_ACCENT_COLOR_NAME = AccentColor;
				CODE_SIGN_ENTITLEMENTS = Navigation/Navigation.entitlements;
				CODE_SIGN_STYLE = Automatic;
				CURRENT_PROJECT_VERSION = 1;
				DEVELOPMENT_ASSET_PATHS = "\"Navigation/Preview Content\"";
				ENABLE_PREVIEWS = YES;
				GENERATE_INFOPLIST_FILE = YES;
				"INFOPLIST_KEY_UIApplicationSceneManifest_Generation[sdk=iphoneos*]" = YES;
				"INFOPLIST_KEY_UIApplicationSceneManifest_Generation[sdk=iphonesimulator*]" = YES;
				"INFOPLIST_KEY_UIApplicationSupportsIndirectInputEvents[sdk=iphoneos*]" = YES;
				"INFOPLIST_KEY_UIApplicationSupportsIndirectInputEvents[sdk=iphonesimulator*]" = YES;
				"INFOPLIST_KEY_UILaunchScreen_Generation[sdk=iphoneos*]" = YES;
				"INFOPLIST_KEY_UILaunchScreen_Generation[sdk=iphonesimulator*]" = YES;
				"INFOPLIST_KEY_UIStatusBarStyle[sdk=iphoneos*]" = UIStatusBarStyleDefault;
				"INFOPLIST_KEY_UIStatusBarStyle[sdk=iphonesimulator*]" = UIStatusBarStyleDefault;
				INFOPLIST_KEY_UISupportedInterfaceOrientations_iPad = "UIInterfaceOrientationPortrait UIInterfaceOrientationPortraitUpsideDown UIInterfaceOrientationLandscapeLeft UIInterfaceOrientationLandscapeRight";
				INFOPLIST_KEY_UISupportedInterfaceOrientations_iPhone = "UIInterfaceOrientationPortrait UIInterfaceOrientationLandscapeLeft UIInterfaceOrientationLandscapeRight";
				IPHONEOS_DEPLOYMENT_TARGET = 17.2;
				LD_RUNPATH_SEARCH_PATHS = "@executable_path/Frameworks";
				"LD_RUNPATH_SEARCH_PATHS[sdk=macosx*]" = "@executable_path/../Frameworks";
				MACOSX_DEPLOYMENT_TARGET = 14.2;
				MARKETING_VERSION = 1.0;
				PRODUCT_BUNDLE_IDENTIFIER = com.cesargiupponi.Navigation;
				PRODUCT_NAME = "$(TARGET_NAME)";
				SDKROOT = auto;
				SUPPORTED_PLATFORMS = "iphoneos iphonesimulator macosx";
				SWIFT_EMIT_LOC_STRINGS = YES;
				SWIFT_VERSION = 5.0;
				TARGETED_DEVICE_FAMILY = "1,2";
			};
			name = Release;
		};
/* End XCBuildConfiguration section */

/* Begin XCConfigurationList section */
		C1E397692CE3E0910089E4DE /* Build configuration list for PBXProject "Navigation" */ = {
			isa = XCConfigurationList;
			buildConfigurations = (
				C1E3977B2CE3E0920089E4DE /* Debug */,
				C1E3977C2CE3E0920089E4DE /* Release */,
			);
			defaultConfigurationIsVisible = 0;
			defaultConfigurationName = Release;
		};
		C1E3977D2CE3E0920089E4DE /* Build configuration list for PBXNativeTarget "Navigation" */ = {
			isa = XCConfigurationList;
			buildConfigurations = (
				C1E3977E2CE3E0920089E4DE /* Debug */,
				C1E3977F2CE3E0920089E4DE /* Release */,
			);
			defaultConfigurationIsVisible = 0;
			defaultConfigurationName = Release;
		};
/* End XCConfigurationList section */
	};
	rootObject = C1E397662CE3E0910089E4DE /* Project object */;
}
